
Microsoft Visual Studio Solution File, Format Version 12.00
# Visual Studio Version 16
VisualStudioVersion = 16.0.32228.343
MinimumVisualStudioVersion = 10.0.40219.1
Project("{D2ABAB84-BF74-430A-B69E-9DC6D40DDA17}") = "VideoGames_Sales_SSAS", "VideoGames_Sales_SSAS\VideoGames_Sales_SSAS.dwproj", "{EBC156AF-334F-431D-8CC0-BC3B1538EC1F}"
EndProject
Global
	GlobalSection(SolutionConfigurationPlatforms) = preSolution
		Development|Default = Development|Default
	EndGlobalSection
	GlobalSection(ProjectConfigurationPlatforms) = postSolution
		{EBC156AF-334F-431D-8CC0-BC3B1538EC1F}.Development|Default.ActiveCfg = Development
		{EBC156AF-334F-431D-8CC0-BC3B1538EC1F}.Development|Default.Build.0 = Development
		{EBC156AF-334F-431D-8CC0-BC3B1538EC1F}.Development|Default.Deploy.0 = Development
	EndGlobalSection
	GlobalSection(SolutionProperties) = preSolution
		HideSolutionNode = FALSE
	EndGlobalSection
	GlobalSection(ExtensibilityGlobals) = postSolution
		SolutionGuid = {20BA6FD8-49E5-4D91-906C-1D5AB8C0CE1F}
	EndGlobalSection
EndGlobal
